dependencies:
- name: rabbitmq
  repository: oci://registry-1.docker.io/bitnamicharts
  version: 15.2.3
- name: elasticsearch
  repository: https://helm.elastic.co
  version: 7.17.3
- name: mongodb
  repository: oci://registry-1.docker.io/bitnamicharts
  version: 16.4.2
- name: jupyterhub
  repository: https://jupyterhub.github.io/helm-chart
  version: 3.0.3
digest: sha256:a29832038be91018182f6629853a497838cc1c38ffedd8c074c3c367c615485c
generated: "2025-01-21T12:33:58.156997145Z"
