dependencies:
- name: rabbitmq
  repository: oci://registry-1.docker.io/bitnamicharts
  version: 15.2.3
- name: mongodb
  repository: oci://registry-1.docker.io/bitnamicharts
  version: 16.4.2
- name: jupyterhub
  repository: https://jupyterhub.github.io/helm-chart
  version: 3.0.3
digest: sha256:d0ffeaaee6d7498a87ba236fd9f16a3f5aaf29e2e36f528c6632e84371a21b03
generated: "2025-01-21T13:13:19.779250975Z"
