dependencies:
- name: rabbitmq
  repository: https://charts.bitnami.com/bitnami
  version: 12.10.0
- name: elasticsearch
  repository: https://helm.elastic.co
  version: 7.17.3
- name: mongodb
  repository: https://charts.bitnami.com/bitnami
  version: 13.6.0
- name: jupyterhub
  repository: https://jupyterhub.github.io/helm-chart
  version: 3.0.3
digest: sha256:96d39de2d63d67a7d2653b8a6a8f441dc18ac12f1562386c4b60d7062e0d1e17
generated: "2025-01-21T10:35:43.000400122Z"
